
Microsoft Visual Studio Solution File, Format Version 12.00
# Visual Studio Version 17
VisualStudioVersion = 17.1.32421.90
MinimumVisualStudioVersion = 10.0.40219.1
Project("{FAE04EC0-301F-11D3-BF4B-00C04F79EFBC}") = "ContosoUniversity", "ContosoUniversity\ContosoUniversity.csproj", "{4761C818-3B65-4405-83BA-BADC9E1554D5}"
EndProject
Global
	GlobalSection(SolutionConfigurationPlatforms) = preSolution
		Debug|Any CPU = Debug|Any CPU
		Release|Any CPU = Release|Any CPU
	EndGlobalSection
	GlobalSection(ProjectConfigurationPlatforms) = postSolution
		{4761C818-3B65-4405-83BA-BADC9E1554D5}.Debug|Any CPU.ActiveCfg = Debug|Any CPU
		{4761C818-3B65-4405-83BA-BADC9E1554D5}.Debug|Any CPU.Build.0 = Debug|Any CPU
		{4761C818-3B65-4405-83BA-BADC9E1554D5}.Release|Any CPU.ActiveCfg = Release|Any CPU
		{4761C818-3B65-4405-83BA-BADC9E1554D5}.Release|Any CPU.Build.0 = Release|Any CPU
	EndGlobalSection
	GlobalSection(SolutionProperties) = preSolution
		HideSolutionNode = FALSE
	EndGlobalSection
	GlobalSection(ExtensibilityGlobals) = postSolution
		SolutionGuid = {7D3569AC-DFB3-43CE-984B-A3D85CDD0947}
	EndGlobalSection
EndGlobal
